
Microsoft Visual Studio Solution File, Format Version 12.00
# Visual Studio Version 16
VisualStudioVersion = 16.0.32602.291
MinimumVisualStudioVersion = 10.0.40219.1
Project("{FAE04EC0-301F-11D3-BF4B-00C04F79EFBC}") = "ronald", "ronald.csproj", "{A53D31E9-9C83-415D-B721-62F51D5FA29B}"
EndProject
Global
	GlobalSection(SolutionConfigurationPlatforms) = preSolution
		Debug|Any CPU = Debug|Any CPU
		Release|Any CPU = Release|Any CPU
	EndGlobalSection
	GlobalSection(ProjectConfigurationPlatforms) = postSolution
		{A53D31E9-9C83-415D-B721-62F51D5FA29B}.Debug|Any CPU.ActiveCfg = Debug|Any CPU
		{A53D31E9-9C83-415D-B721-62F51D5FA29B}.Debug|Any CPU.Build.0 = Debug|Any CPU
		{A53D31E9-9C83-415D-B721-62F51D5FA29B}.Release|Any CPU.ActiveCfg = Release|Any CPU
		{A53D31E9-9C83-415D-B721-62F51D5FA29B}.Release|Any CPU.Build.0 = Release|Any CPU
	EndGlobalSection
	GlobalSection(SolutionProperties) = preSolution
		HideSolutionNode = FALSE
	EndGlobalSection
	GlobalSection(ExtensibilityGlobals) = postSolution
		SolutionGuid = {9253D39C-2353-4A9B-89E9-B1DCA1A8B684}
	EndGlobalSection
EndGlobal
